<?xml version="1.0" encoding="UTF-8"?>
<Scheme
   LastUpgradeVersion = "0830"
   version = "1.7">
   <BuildAction
      parallelizeBuildables = "YES"
      buildImplicitDependencies = "YES">
      <BuildActionEntries>
         <BuildActionEntry
            buildForTesting = "YES"
            buildForRunning = "YES"
            buildForProfiling = "YES"
            buildForArchiving = "YES"
            buildForAnalyzing = "YES">
            <BuildableReference
               BuildableIdentifier = "primary"
               BlueprintIdentifier = "CBA37EA21F46EBD5006BB829"
               BuildableName = "COI.app"
               BlueprintName = "COI"
               ReferencedContainer = "container:COI.xcodeproj">
            </BuildableReference>
         </BuildActionEntry>
      </BuildActionEntries>
   </BuildAction>
   <TestAction
      buildConfiguration = "Debug"
      selectedDebuggerIdentifier = "Xcode.DebuggerFoundation.Debugger.LLDB"
      selectedLauncherIdentifier = "Xcode.DebuggerFoundation.Launcher.LLDB"
      shouldUseLaunchSchemeArgsEnv = "YES">
      <Testables>
         <TestableReference
            skipped = "NO">
            <BuildableReference
               BuildableIdentifier = "primary"
               BlueprintIdentifier = "CBA37EB61F46EBD5006BB829"
               BuildableName = "COITests.xctest"
               BlueprintName = "COITests"
               ReferencedContainer = "container:COI.xcodeproj">
            </BuildableReference>
         </TestableReference>
         <TestableReference
            skipped = "NO">
            <BuildableReference
               BuildableIdentifier = "primary"
               BlueprintIdentifier = "CBA37EC11F46EBD5006BB829"
               BuildableName = "COIUITests.xctest"
               BlueprintName = "COIUITests"
               ReferencedContainer = "container:COI.xcodeproj">
            </BuildableReference>
         </TestableReference>
      </Testables>
      <MacroExpansion>
         <BuildableReference
            BuildableIdentifier = "primary"
            BlueprintIdentifier = "CBA37EA21F46EBD5006BB829"
            BuildableName = "COI.app"
            BlueprintName = "COI"
            ReferencedContainer = "container:COI.xcodeproj">
         </BuildableReference>
      </MacroExpansion>
      <AdditionalOptions>
      </AdditionalOptions>
   </TestAction>
   <LaunchAction
      buildConfiguration = "Debug"
      selectedDebuggerIdentifier = "Xcode.DebuggerFoundation.Debugger.LLDB"
      selectedLauncherIdentifier = "Xcode.DebuggerFoundation.Launcher.LLDB"
      launchStyle = "0"
      useCustomWorkingDirectory = "NO"
      ignoresPersistentStateOnLaunch = "NO"
      debugDocumentVersioning = "YES"
      debugServiceExtension = "internal"
      allowLocationSimulation = "YES">
      <PostActions>
         <ExecutionAction
            ActionType = "Xcode.IDEStandardExecutionActionsCore.ExecutionActionType.ShellScriptAction">
            <ActionContent
               title = "Run Script"
               scriptText = "">
               <EnvironmentBuildable>
                  <BuildableReference
                     BuildableIdentifier = "primary"
                     BlueprintIdentifier = "CBA37EA21F46EBD5006BB829"
                     BuildableName = "COI.app"
                     BlueprintName = "COI"
                     ReferencedContainer = "container:COI.xcodeproj">
                  </BuildableReference>
               </EnvironmentBuildable>
            </ActionContent>
         </ExecutionAction>
      </PostActions>
      <BuildableProductRunnable
         runnableDebuggingMode = "0">
         <BuildableReference
            BuildableIdentifier = "primary"
            BlueprintIdentifier = "CBA37EA21F46EBD5006BB829"
            BuildableName = "COI.app"
            BlueprintName = "COI"
            ReferencedContainer = "container:COI.xcodeproj">
         </BuildableReference>
      </BuildableProductRunnable>
      <AdditionalOptions>
      </AdditionalOptions>
   </LaunchAction>
   <ProfileAction
      buildConfiguration = "Release"
      shouldUseLaunchSchemeArgsEnv = "YES"
      savedToolIdentifier = ""
      useCustomWorkingDirectory = "NO"
      debugDocumentVersioning = "YES">
      <BuildableProductRunnable
         runnableDebuggingMode = "0">
         <BuildableReference
            BuildableIdentifier = "primary"
            BlueprintIdentifier = "CBA37EA21F46EBD5006BB829"
            BuildableName = "COI.app"
            BlueprintName = "COI"
            ReferencedContainer = "container:COI.xcodeproj">
         </BuildableReference>
      </BuildableProductRunnable>
   </ProfileAction>
   <AnalyzeAction
      buildConfiguration = "Debug">
   </AnalyzeAction>
   <ArchiveAction
      buildConfiguration = "Release"
      revealArchiveInOrganizer = "YES">
      <PostActions>
         <ExecutionAction
            ActionType = "Xcode.IDEStandardExecutionActionsCore.ExecutionActionType.ShellScriptAction">
            <ActionContent
               title = "Run Script"
               scriptText = "API_TOKEN=&quot;f2fc72349ff9e134583be37e9a359086&quot;&#10;# DO NOT EDIT BELOW HERE!&#10;########################################&#10;upload() {&#10;    echo &#x201c;Started Uploading process &#x201c; &gt;&gt; /tmp/tflog&#10;    &#10;    BASE_PATH=&quot;/Library/Developer/XcodeServer/IntegrationAssets/&quot;&#10;    DSYM_ZIP=&quot;/tmp/dSYM.zip&quot;&#10;    &#10;    ARCHIVE =&quot;${XCS_ARCHIVE}&quot;&#10;    ARCHIVE_NAME=&quot;${ARCHIVE_PATH##*/}&quot;&#10;    IPA_NAME=&quot;${ARCHIVE_NAME%.*}.ipa&quot;&#10;    IPA =&quot;${XCS_OUTPUT_DIR}/ExportedProduct/Apps/${IPA_NAME}&quot;&#10;    &#10;    # Remove old files &apos;n folders&#10;    rm /tmp/tflog&#10;    rm /tmp/tfupload&#10;    rm /tmp/tfuploadout&#10;    rm -rf /tmp/Archive.xcarchive&#10;    rm &quot;${DSYM_ZIP}&quot;&#10;    &#10;    TIMEOUT=120&#10;    until [ -e &quot;${IPA}&quot; ]; do&#10;    echo &quot;Waiting for ${IPA} to exist&quot; &gt;&gt; /tmp/tflog&#10;    &#10;    if [ $TIMEOUT -eq 0 ]&#10;    then&#10;    echo &quot;Giving up on ${IPA} existence&quot; &gt;&gt; /tmp/tflog&#10;    exit&#10;    else&#10;    TIMEOUT=`expr $TIMEOUT - 1`&#10;    fi&#10;    &#10;    sleep 1&#10;    done&#10;    &#10;    # Unzip Archive to get at the juicy dSYM files&#10;    echo &quot;Unpacking ${ARCHIVE} to /tmp/Archive.xcarchive&quot; &gt;&gt; /tmp/tflog&#10;    unzip &quot;${ARCHIVE}&quot; -d /tmp &gt;&gt; /tmp/tflog&#10;    &#10;    # Zip the aforementioned juicy dSYM files up for TestFlight&#10;    echo &quot;Packing dSYM(s) as ${DSYM_ZIP}&quot; &gt;&gt; /tmp/tflog&#10;    pushd /tmp/Archive.xcarchive/dSYMs&#10;    # Multiple dSYM files are not supported by TestFlight at this time. Just uploading the main one for now.&#10;    #zip -r &quot;${DSYM_ZIP}&quot; * &gt;&gt; /tmp/tflog&#10;    zip -r &quot;${DSYM_ZIP}&quot; &quot;${DWARF_DSYM_FILE_NAME}&quot;&#10;    popd&#10;    &#10;    &#10;    VERSIONNUM=$(/usr/libexec/PlistBuddy -c &quot;Print CFBundleShortVersionString&quot; &quot;${PROJECT_DIR}/${INFOPLIST_FILE}&quot;)&#10;    OVERRIDE_BUNDLE_VERSION_STRING=0.0.1&#10;    CHANGELOG=&quot;Build uploaded automatically from Xcode Server Bot.&quot;&#10;    &#10;    # Include this for selective releases&#10;    RELEASE_TRACKS=&quot;General Release&quot;&#10;    &#10;    echo &quot;Uploading to AppBlade&quot;&#10;    # Upload to AppBlade&#10;    echo &quot;Uploading to AppBlade&quot; &gt;&gt; /tmp/tflog&#10;    /usr/bin/curl -# -H &quot;Accept: application/json&quot; \&#10;    -H &quot;Authorization: Bearer $API_TOKEN&quot; \&#10;    -F &quot;version[bundle]=@$IPA&quot; \&#10;    -F &quot;version[dsym]=@$DSYM_ZIP&quot; \&#10;    -F &quot;version[version_string]=$VERSIONNUM&quot; \&#10;    -F &quot;version[changelog]=$CHANGELOG&quot; \&#10;    -F &quot;version[release_track_list]=$RELEASE_TRACKS&quot; \&#10;    https://appblade.com/api/3/versions&#10;    echo &quot;echoing curl response&quot;&#10;    &#10;    &#10;    # Clean up after ourselves before we leave&#10;    rm -rf /tmp/Archive.xcarchive&#10;    rm &quot;${DSYM_ZIP}&quot;&#10;}&#10;echo &quot;Starting TestFlight Upload, check /tmp/tflog for status&quot;;&#10;upload &amp;"
               shellToInvoke = "/bin/sh">
               <EnvironmentBuildable>
                  <BuildableReference
                     BuildableIdentifier = "primary"
                     BlueprintIdentifier = "CBA37EA21F46EBD5006BB829"
                     BuildableName = "COI.app"
                     BlueprintName = "COI"
                     ReferencedContainer = "container:COI.xcodeproj">
                  </BuildableReference>
               </EnvironmentBuildable>
            </ActionContent>
         </ExecutionAction>
      </PostActions>
   </ArchiveAction>
</Scheme>
