// !$*UTF8*$!
{
	archiveVersion = 1;
	classes = {
	};
	objectVersion = 46;
	objects = {

/* Begin PBXBuildFile section */
		CBA37E6D1F46EA14006BB829 /* AppDelegate.swift in Sources */ = {isa = PBXBuildFile; fileRef = CBA37E6C1F46EA14006BB829 /* AppDelegate.swift */; };
		CBA37E6F1F46EA14006BB829 /* ViewController.swift in Sources */ = {isa = PBXBuildFile; fileRef = CBA37E6E1F46EA14006BB829 /* ViewController.swift */; };
		CBA37E721F46EA14006BB829 /* Main.storyboard in Resources */ = {isa = PBXBuildFile; fileRef = CBA37E701F46EA14006BB829 /* Main.storyboard */; };
		CBA37E741F46EA14006BB829 /* Assets.xcassets in Resources */ = {isa = PBXBuildFile; fileRef = CBA37E731F46EA14006BB829 /* Assets.xcassets */; };
		CBA37E771F46EA14006BB829 /* LaunchScreen.storyboard in Resources */ = {isa = PBXBuildFile; fileRef = CBA37E751F46EA14006BB829 /* LaunchScreen.storyboard */; };
		CBA37E821F46EA14006BB829 /* ContineousITests.swift in Sources */ = {isa = PBXBuildFile; fileRef = CBA37E811F46EA14006BB829 /* ContineousITests.swift */; };
		CBA37E8D1F46EA14006BB829 /* ContineousIUITests.swift in Sources */ = {isa = PBXBuildFile; fileRef = CBA37E8C1F46EA14006BB829 /* ContineousIUITests.swift */; };
/* End PBXBuildFile section */

/* Begin PBXContainerItemProxy section */
		CBA37E7E1F46EA14006BB829 /* PBXContainerItemProxy */ = {
			isa = PBXContainerItemProxy;
			containerPortal = CBA37E611F46EA14006BB829 /* Project object */;
			proxyType = 1;
			remoteGlobalIDString = CBA37E681F46EA14006BB829;
			remoteInfo = ContineousI;
		};
		CBA37E891F46EA14006BB829 /* PBXContainerItemProxy */ = {
			isa = PBXContainerItemProxy;
			containerPortal = CBA37E611F46EA14006BB829 /* Project object */;
			proxyType = 1;
			remoteGlobalIDString = CBA37E681F46EA14006BB829;
			remoteInfo = ContineousI;
		};
/* End PBXContainerItemProxy section */

/* Begin PBXFileReference section */
		CBA37E691F46EA14006BB829 /* ContineousI.app */ = {isa = PBXFileReference; explicitFileType = wrapper.application; includeInIndex = 0; path = ContineousI.app; sourceTree = BUILT_PRODUCTS_DIR; };
		CBA37E6C1F46EA14006BB829 /* AppDelegate.swift */ = {isa = PBXFileReference; lastKnownFileType = sourcecode.swift; path = AppDelegate.swift; sourceTree = "<group>"; };
		CBA37E6E1F46EA14006BB829 /* ViewController.swift */ = {isa = PBXFileReference; lastKnownFileType = sourcecode.swift; path = ViewController.swift; sourceTree = "<group>"; };
		CBA37E711F46EA14006BB829 /* Base */ = {isa = PBXFileReference; lastKnownFileType = file.storyboard; name = Base; path = Base.lproj/Main.storyboard; sourceTree = "<group>"; };
		CBA37E731F46EA14006BB829 /* Assets.xcassets */ = {isa = PBXFileReference; lastKnownFileType = folder.assetcatalog; path = Assets.xcassets; sourceTree = "<group>"; };
		CBA37E761F46EA14006BB829 /* Base */ = {isa = PBXFileReference; lastKnownFileType = file.storyboard; name = Base; path = Base.lproj/LaunchScreen.storyboard; sourceTree = "<group>"; };
		CBA37E781F46EA14006BB829 /* Info.plist */ = {isa = PBXFileReference; lastKnownFileType = text.plist.xml; path = Info.plist; sourceTree = "<group>"; };
		CBA37E7D1F46EA14006BB829 /* ContineousITests.xctest */ = {isa = PBXFileReference; explicitFileType = wrapper.cfbundle; includeInIndex = 0; path = ContineousITests.xctest; sourceTree = BUILT_PRODUCTS_DIR; };
		CBA37E811F46EA14006BB829 /* ContineousITests.swift */ = {isa = PBXFileReference; lastKnownFileType = sourcecode.swift; path = ContineousITests.swift; sourceTree = "<group>"; };
		CBA37E831F46EA14006BB829 /* Info.plist */ = {isa = PBXFileReference; lastKnownFileType = text.plist.xml; path = Info.plist; sourceTree = "<group>"; };
		CBA37E881F46EA14006BB829 /* ContineousIUITests.xctest */ = {isa = PBXFileReference; explicitFileType = wrapper.cfbundle; includeInIndex = 0; path = ContineousIUITests.xctest; sourceTree = BUILT_PRODUCTS_DIR; };
		CBA37E8C1F46EA14006BB829 /* ContineousIUITests.swift */ = {isa = PBXFileReference; lastKnownFileType = sourcecode.swift; path = ContineousIUITests.swift; sourceTree = "<group>"; };
		CBA37E8E1F46EA14006BB829 /* Info.plist */ = {isa = PBXFileReference; lastKnownFileType = text.plist.xml; path = Info.plist; sourceTree = "<group>"; };
/* End PBXFileReference section */

/* Begin PBXFrameworksBuildPhase section */
		CBA37E661F46EA14006BB829 /* Frameworks */ = {
			isa = PBXFrameworksBuildPhase;
			buildActionMask = 2147483647;
			files = (
			);
			runOnlyForDeploymentPostprocessing = 0;
		};
		CBA37E7A1F46EA14006BB829 /* Frameworks */ = {
			isa = PBXFrameworksBuildPhase;
			buildActionMask = 2147483647;
			files = (
			);
			runOnlyForDeploymentPostprocessing = 0;
		};
		CBA37E851F46EA14006BB829 /* Frameworks */ = {
			isa = PBXFrameworksBuildPhase;
			buildActionMask = 2147483647;
			files = (
			);
			runOnlyForDeploymentPostprocessing = 0;
		};
/* End PBXFrameworksBuildPhase section */

/* Begin PBXGroup section */
		CBA37E601F46EA14006BB829 = {
			isa = PBXGroup;
			children = (
				CBA37E6B1F46EA14006BB829 /* ContineousI */,
				CBA37E801F46EA14006BB829 /* ContineousITests */,
				CBA37E8B1F46EA14006BB829 /* ContineousIUITests */,
				CBA37E6A1F46EA14006BB829 /* Products */,
			);
			sourceTree = "<group>";
		};
		CBA37E6A1F46EA14006BB829 /* Products */ = {
			isa = PBXGroup;
			children = (
				CBA37E691F46EA14006BB829 /* ContineousI.app */,
				CBA37E7D1F46EA14006BB829 /* ContineousITests.xctest */,
				CBA37E881F46EA14006BB829 /* ContineousIUITests.xctest */,
			);
			name = Products;
			sourceTree = "<group>";
		};
		CBA37E6B1F46EA14006BB829 /* ContineousI */ = {
			isa = PBXGroup;
			children = (
				CBA37E6C1F46EA14006BB829 /* AppDelegate.swift */,
				CBA37E6E1F46EA14006BB829 /* ViewController.swift */,
				CBA37E701F46EA14006BB829 /* Main.storyboard */,
				CBA37E731F46EA14006BB829 /* Assets.xcassets */,
				CBA37E751F46EA14006BB829 /* LaunchScreen.storyboard */,
				CBA37E781F46EA14006BB829 /* Info.plist */,
			);
			path = ContineousI;
			sourceTree = "<group>";
		};
		CBA37E801F46EA14006BB829 /* ContineousITests */ = {
			isa = PBXGroup;
			children = (
				CBA37E811F46EA14006BB829 /* ContineousITests.swift */,
				CBA37E831F46EA14006BB829 /* Info.plist */,
			);
			path = ContineousITests;
			sourceTree = "<group>";
		};
		CBA37E8B1F46EA14006BB829 /* ContineousIUITests */ = {
			isa = PBXGroup;
			children = (
				CBA37E8C1F46EA14006BB829 /* ContineousIUITests.swift */,
				CBA37E8E1F46EA14006BB829 /* Info.plist */,
			);
			path = ContineousIUITests;
			sourceTree = "<group>";
		};
/* End PBXGroup section */

/* Begin PBXNativeTarget section */
		CBA37E681F46EA14006BB829 /* ContineousI */ = {
			isa = PBXNativeTarget;
			buildConfigurationList = CBA37E911F46EA14006BB829 /* Build configuration list for PBXNativeTarget "ContineousI" */;
			buildPhases = (
				CBA37E651F46EA14006BB829 /* Sources */,
				CBA37E661F46EA14006BB829 /* Frameworks */,
				CBA37E671F46EA14006BB829 /* Resources */,
			);
			buildRules = (
			);
			dependencies = (
			);
			name = ContineousI;
			productName = ContineousI;
			productReference = CBA37E691F46EA14006BB829 /* ContineousI.app */;
			productType = "com.apple.product-type.application";
		};
		CBA37E7C1F46EA14006BB829 /* ContineousITests */ = {
			isa = PBXNativeTarget;
			buildConfigurationList = CBA37E941F46EA14006BB829 /* Build configuration list for PBXNativeTarget "ContineousITests" */;
			buildPhases = (
				CBA37E791F46EA14006BB829 /* Sources */,
				CBA37E7A1F46EA14006BB829 /* Frameworks */,
				CBA37E7B1F46EA14006BB829 /* Resources */,
			);
			buildRules = (
			);
			dependencies = (
				CBA37E7F1F46EA14006BB829 /* PBXTargetDependency */,
			);
			name = ContineousITests;
			productName = ContineousITests;
			productReference = CBA37E7D1F46EA14006BB829 /* ContineousITests.xctest */;
			productType = "com.apple.product-type.bundle.unit-test";
		};
		CBA37E871F46EA14006BB829 /* ContineousIUITests */ = {
			isa = PBXNativeTarget;
			buildConfigurationList = CBA37E971F46EA14006BB829 /* Build configuration list for PBXNativeTarget "ContineousIUITests" */;
			buildPhases = (
				CBA37E841F46EA14006BB829 /* Sources */,
				CBA37E851F46EA14006BB829 /* Frameworks */,
				CBA37E861F46EA14006BB829 /* Resources */,
			);
			buildRules = (
			);
			dependencies = (
				CBA37E8A1F46EA14006BB829 /* PBXTargetDependency */,
			);
			name = ContineousIUITests;
			productName = ContineousIUITests;
			productReference = CBA37E881F46EA14006BB829 /* ContineousIUITests.xctest */;
			productType = "com.apple.product-type.bundle.ui-testing";
		};
/* End PBXNativeTarget section */

/* Begin PBXProject section */
		CBA37E611F46EA14006BB829 /* Project object */ = {
			isa = PBXProject;
			attributes = {
				LastSwiftUpdateCheck = 0830;
				LastUpgradeCheck = 0830;
				ORGANIZATIONNAME = synerzip;
				TargetAttributes = {
					CBA37E681F46EA14006BB829 = {
						CreatedOnToolsVersion = 8.3.3;
						ProvisioningStyle = Automatic;
					};
					CBA37E7C1F46EA14006BB829 = {
						CreatedOnToolsVersion = 8.3.3;
						ProvisioningStyle = Automatic;
						TestTargetID = CBA37E681F46EA14006BB829;
					};
					CBA37E871F46EA14006BB829 = {
						CreatedOnToolsVersion = 8.3.3;
						ProvisioningStyle = Automatic;
						TestTargetID = CBA37E681F46EA14006BB829;
					};
				};
			};
			buildConfigurationList = CBA37E641F46EA14006BB829 /* Build configuration list for PBXProject "ContineousI" */;
			compatibilityVersion = "Xcode 3.2";
			developmentRegion = English;
			hasScannedForEncodings = 0;
			knownRegions = (
				en,
				Base,
			);
			mainGroup = CBA37E601F46EA14006BB829;
			productRefGroup = CBA37E6A1F46EA14006BB829 /* Products */;
			projectDirPath = "";
			projectRoot = "";
			targets = (
				CBA37E681F46EA14006BB829 /* ContineousI */,
				CBA37E7C1F46EA14006BB829 /* ContineousITests */,
				CBA37E871F46EA14006BB829 /* ContineousIUITests */,
			);
		};
/* End PBXProject section */

/* Begin PBXResourcesBuildPhase section */
		CBA37E671F46EA14006BB829 /* Resources */ = {
			isa = PBXResourcesBuildPhase;
			buildActionMask = 2147483647;
			files = (
				CBA37E771F46EA14006BB829 /* LaunchScreen.storyboard in Resources */,
				CBA37E741F46EA14006BB829 /* Assets.xcassets in Resources */,
				CBA37E721F46EA14006BB829 /* Main.storyboard in Resources */,
			);
			runOnlyForDeploymentPostprocessing = 0;
		};
		CBA37E7B1F46EA14006BB829 /* Resources */ = {
			isa = PBXResourcesBuildPhase;
			buildActionMask = 2147483647;
			files = (
			);
			runOnlyForDeploymentPostprocessing = 0;
		};
		CBA37E861F46EA14006BB829 /* Resources */ = {
			isa = PBXResourcesBuildPhase;
			buildActionMask = 2147483647;
			files = (
			);
			runOnlyForDeploymentPostprocessing = 0;
		};
/* End PBXResourcesBuildPhase section */

/* Begin PBXSourcesBuildPhase section */
		CBA37E651F46EA14006BB829 /* Sources */ = {
			isa = PBXSourcesBuildPhase;
			buildActionMask = 2147483647;
			files = (
				CBA37E6F1F46EA14006BB829 /* ViewController.swift in Sources */,
				CBA37E6D1F46EA14006BB829 /* AppDelegate.swift in Sources */,
			);
			runOnlyForDeploymentPostprocessing = 0;
		};
		CBA37E791F46EA14006BB829 /* Sources */ = {
			isa = PBXSourcesBuildPhase;
			buildActionMask = 2147483647;
			files = (
				CBA37E821F46EA14006BB829 /* ContineousITests.swift in Sources */,
			);
			runOnlyForDeploymentPostprocessing = 0;
		};
		CBA37E841F46EA14006BB829 /* Sources */ = {
			isa = PBXSourcesBuildPhase;
			buildActionMask = 2147483647;
			files = (
				CBA37E8D1F46EA14006BB829 /* ContineousIUITests.swift in Sources */,
			);
			runOnlyForDeploymentPostprocessing = 0;
		};
/* End PBXSourcesBuildPhase section */

/* Begin PBXTargetDependency section */
		CBA37E7F1F46EA14006BB829 /* PBXTargetDependency */ = {
			isa = PBXTargetDependency;
			target = CBA37E681F46EA14006BB829 /* ContineousI */;
			targetProxy = CBA37E7E1F46EA14006BB829 /* PBXContainerItemProxy */;
		};
		CBA37E8A1F46EA14006BB829 /* PBXTargetDependency */ = {
			isa = PBXTargetDependency;
			target = CBA37E681F46EA14006BB829 /* ContineousI */;
			targetProxy = CBA37E891F46EA14006BB829 /* PBXContainerItemProxy */;
		};
/* End PBXTargetDependency section */

/* Begin PBXVariantGroup section */
		CBA37E701F46EA14006BB829 /* Main.storyboard */ = {
			isa = PBXVariantGroup;
			children = (
				CBA37E711F46EA14006BB829 /* Base */,
			);
			name = Main.storyboard;
			sourceTree = "<group>";
		};
		CBA37E751F46EA14006BB829 /* LaunchScreen.storyboard */ = {
			isa = PBXVariantGroup;
			children = (
				CBA37E761F46EA14006BB829 /* Base */,
			);
			name = LaunchScreen.storyboard;
			sourceTree = "<group>";
		};
/* End PBXVariantGroup section */

/* Begin XCBuildConfiguration section */
		CBA37E8F1F46EA14006BB829 /* Debug */ = {
			isa = XCBuildConfiguration;
			buildSettings = {
				ALWAYS_SEARCH_USER_PATHS = NO;
				CLANG_ANALYZER_NONNULL = YES;
				CLANG_ANALYZER_NUMBER_OBJECT_CONVERSION = YES_AGGRESSIVE;
				CLANG_CXX_LANGUAGE_STANDARD = "gnu++0x";
				CLANG_CXX_LIBRARY = "libc++";
				CLANG_ENABLE_MODULES = YES;
				CLANG_ENABLE_OBJC_ARC = YES;
				CLANG_WARN_BOOL_CONVERSION = YES;
				CLANG_WARN_CONSTANT_CONVERSION = YES;
				CLANG_WARN_DIRECT_OBJC_ISA_USAGE = YES_ERROR;
				CLANG_WARN_DOCUMENTATION_COMMENTS = YES;
				CLANG_WARN_EMPTY_BODY = YES;
				CLANG_WARN_ENUM_CONVERSION = YES;
				CLANG_WARN_INFINITE_RECURSION = YES;
				CLANG_WARN_INT_CONVERSION = YES;
				CLANG_WARN_OBJC_ROOT_CLASS = YES_ERROR;
				CLANG_WARN_SUSPICIOUS_MOVE = YES;
				CLANG_WARN_UNREACHABLE_CODE = YES;
				CLANG_WARN__DUPLICATE_METHOD_MATCH = YES;
				"CODE_SIGN_IDENTITY[sdk=iphoneos*]" = "iPhone Developer";
				COPY_PHASE_STRIP = NO;
				DEBUG_INFORMATION_FORMAT = dwarf;
				ENABLE_STRICT_OBJC_MSGSEND = YES;
				ENABLE_TESTABILITY = YES;
				GCC_C_LANGUAGE_STANDARD = gnu99;
				GCC_DYNAMIC_NO_PIC = NO;
				GCC_NO_COMMON_BLOCKS = YES;
				GCC_OPTIMIZATION_LEVEL = 0;
				GCC_PREPROCESSOR_DEFINITIONS = (
					"DEBUG=1",
					"$(inherited)",
				);
				GCC_WARN_64_TO_32_BIT_CONVERSION = YES;
				GCC_WARN_ABOUT_RETURN_TYPE = YES_ERROR;
				GCC_WARN_UNDECLARED_SELECTOR = YES;
				GCC_WARN_UNINITIALIZED_AUTOS = YES_AGGRESSIVE;
				GCC_WARN_UNUSED_FUNCTION = YES;
				GCC_WARN_UNUSED_VARIABLE = YES;
				IPHONEOS_DEPLOYMENT_TARGET = 10.3;
				MTL_ENABLE_DEBUG_INFO = YES;
				ONLY_ACTIVE_ARCH = YES;
				SDKROOT = iphoneos;
				SWIFT_ACTIVE_COMPILATION_CONDITIONS = DEBUG;
				SWIFT_OPTIMIZATION_LEVEL = "-Onone";
				TARGETED_DEVICE_FAMILY = "1,2";
			};
			name = Debug;
		};
		CBA37E901F46EA14006BB829 /* Release */ = {
			isa = XCBuildConfiguration;
			buildSettings = {
				ALWAYS_SEARCH_USER_PATHS = NO;
				CLANG_ANALYZER_NONNULL = YES;
				CLANG_ANALYZER_NUMBER_OBJECT_CONVERSION = YES_AGGRESSIVE;
				CLANG_CXX_LANGUAGE_STANDARD = "gnu++0x";
				CLANG_CXX_LIBRARY = "libc++";
				CLANG_ENABLE_MODULES = YES;
				CLANG_ENABLE_OBJC_ARC = YES;
				CLANG_WARN_BOOL_CONVERSION = YES;
				CLANG_WARN_CONSTANT_CONVERSION = YES;
				CLANG_WARN_DIRECT_OBJC_ISA_USAGE = YES_ERROR;
				CLANG_WARN_DOCUMENTATION_COMMENTS = YES;
				CLANG_WARN_EMPTY_BODY = YES;
				CLANG_WARN_ENUM_CONVERSION = YES;
				CLANG_WARN_INFINITE_RECURSION = YES;
				CLANG_WARN_INT_CONVERSION = YES;
				CLANG_WARN_OBJC_ROOT_CLASS = YES_ERROR;
				CLANG_WARN_SUSPICIOUS_MOVE = YES;
				CLANG_WARN_UNREACHABLE_CODE = YES;
				CLANG_WARN__DUPLICATE_METHOD_MATCH = YES;
				"CODE_SIGN_IDENTITY[sdk=iphoneos*]" = "iPhone Developer";
				COPY_PHASE_STRIP = NO;
				DEBUG_INFORMATION_FORMAT = "dwarf-with-dsym";
				ENABLE_NS_ASSERTIONS = NO;
				ENABLE_STRICT_OBJC_MSGSEND = YES;
				GCC_C_LANGUAGE_STANDARD = gnu99;
				GCC_NO_COMMON_BLOCKS = YES;
				GCC_WARN_64_TO_32_BIT_CONVERSION = YES;
				GCC_WARN_ABOUT_RETURN_TYPE = YES_ERROR;
				GCC_WARN_UNDECLARED_SELECTOR = YES;
				GCC_WARN_UNINITIALIZED_AUTOS = YES_AGGRESSIVE;
				GCC_WARN_UNUSED_FUNCTION = YES;
				GCC_WARN_UNUSED_VARIABLE = YES;
				IPHONEOS_DEPLOYMENT_TARGET = 10.3;
				MTL_ENABLE_DEBUG_INFO = NO;
				SDKROOT = iphoneos;
				SWIFT_OPTIMIZATION_LEVEL = "-Owholemodule";
				TARGETED_DEVICE_FAMILY = "1,2";
				VALIDATE_PRODUCT = YES;
			};
			name = Release;
		};
		CBA37E921F46EA14006BB829 /* Debug */ = {
			isa = XCBuildConfiguration;
			buildSettings = {
				ASSETCATALOG_COMPILER_APPICON_NAME = AppIcon;
				INFOPLIST_FILE = ContineousI/Info.plist;
				LD_RUNPATH_SEARCH_PATHS = "$(inherited) @executable_path/Frameworks";
				PRODUCT_BUNDLE_IDENTIFIER = com.synerzip.ContineousI;
				PRODUCT_NAME = "$(TARGET_NAME)";
				SWIFT_VERSION = 3.0;
			};
			name = Debug;
		};
		CBA37E931F46EA14006BB829 /* Release */ = {
			isa = XCBuildConfiguration;
			buildSettings = {
				ASSETCATALOG_COMPILER_APPICON_NAME = AppIcon;
				INFOPLIST_FILE = ContineousI/Info.plist;
				LD_RUNPATH_SEARCH_PATHS = "$(inherited) @executable_path/Frameworks";
				PRODUCT_BUNDLE_IDENTIFIER = com.synerzip.ContineousI;
				PRODUCT_NAME = "$(TARGET_NAME)";
				SWIFT_VERSION = 3.0;
			};
			name = Release;
		};
		CBA37E951F46EA14006BB829 /* Debug */ = {
			isa = XCBuildConfiguration;
			buildSettings = {
				ALWAYS_EMBED_SWIFT_STANDARD_LIBRARIES = YES;
				BUNDLE_LOADER = "$(TEST_HOST)";
				INFOPLIST_FILE = ContineousITests/Info.plist;
				LD_RUNPATH_SEARCH_PATHS = "$(inherited) @executable_path/Frameworks @loader_path/Frameworks";
				PRODUCT_BUNDLE_IDENTIFIER = com.synerzip.ContineousITests;
				PRODUCT_NAME = "$(TARGET_NAME)";
				SWIFT_VERSION = 3.0;
				TEST_HOST = "$(BUILT_PRODUCTS_DIR)/ContineousI.app/ContineousI";
			};
			name = Debug;
		};
		CBA37E961F46EA14006BB829 /* Release */ = {
			isa = XCBuildConfiguration;
			buildSettings = {
				ALWAYS_EMBED_SWIFT_STANDARD_LIBRARIES = YES;
				BUNDLE_LOADER = "$(TEST_HOST)";
				INFOPLIST_FILE = ContineousITests/Info.plist;
				LD_RUNPATH_SEARCH_PATHS = "$(inherited) @executable_path/Frameworks @loader_path/Frameworks";
				PRODUCT_BUNDLE_IDENTIFIER = com.synerzip.ContineousITests;
				PRODUCT_NAME = "$(TARGET_NAME)";
				SWIFT_VERSION = 3.0;
				TEST_HOST = "$(BUILT_PRODUCTS_DIR)/ContineousI.app/ContineousI";
			};
			name = Release;
		};
		CBA37E981F46EA14006BB829 /* Debug */ = {
			isa = XCBuildConfiguration;
			buildSettings = {
				ALWAYS_EMBED_SWIFT_STANDARD_LIBRARIES = YES;
				INFOPLIST_FILE = ContineousIUITests/Info.plist;
				LD_RUNPATH_SEARCH_PATHS = "$(inherited) @executable_path/Frameworks @loader_path/Frameworks";
				PRODUCT_BUNDLE_IDENTIFIER = com.synerzip.ContineousIUITests;
				PRODUCT_NAME = "$(TARGET_NAME)";
				SWIFT_VERSION = 3.0;
				TEST_TARGET_NAME = ContineousI;
			};
			name = Debug;
		};
		CBA37E991F46EA14006BB829 /* Release */ = {
			isa = XCBuildConfiguration;
			buildSettings = {
				ALWAYS_EMBED_SWIFT_STANDARD_LIBRARIES = YES;
				INFOPLIST_FILE = ContineousIUITests/Info.plist;
				LD_RUNPATH_SEARCH_PATHS = "$(inherited) @executable_path/Frameworks @loader_path/Frameworks";
				PRODUCT_BUNDLE_IDENTIFIER = com.synerzip.ContineousIUITests;
				PRODUCT_NAME = "$(TARGET_NAME)";
				SWIFT_VERSION = 3.0;
				TEST_TARGET_NAME = ContineousI;
			};
			name = Release;
		};
/* End XCBuildConfiguration section */

/* Begin XCConfigurationList section */
		CBA37E641F46EA14006BB829 /* Build configuration list for PBXProject "ContineousI" */ = {
			isa = XCConfigurationList;
			buildConfigurations = (
				CBA37E8F1F46EA14006BB829 /* Debug */,
				CBA37E901F46EA14006BB829 /* Release */,
			);
			defaultConfigurationIsVisible = 0;
			defaultConfigurationName = Release;
		};
		CBA37E911F46EA14006BB829 /* Build configuration list for PBXNativeTarget "ContineousI" */ = {
			isa = XCConfigurationList;
			buildConfigurations = (
				CBA37E921F46EA14006BB829 /* Debug */,
				CBA37E931F46EA14006BB829 /* Release */,
			);
			defaultConfigurationIsVisible = 0;
		};
		CBA37E941F46EA14006BB829 /* Build configuration list for PBXNativeTarget "ContineousITests" */ = {
			isa = XCConfigurationList;
			buildConfigurations = (
				CBA37E951F46EA14006BB829 /* Debug */,
				CBA37E961F46EA14006BB829 /* Release */,
			);
			defaultConfigurationIsVisible = 0;
		};
		CBA37E971F46EA14006BB829 /* Build configuration list for PBXNativeTarget "ContineousIUITests" */ = {
			isa = XCConfigurationList;
			buildConfigurations = (
				CBA37E981F46EA14006BB829 /* Debug */,
				CBA37E991F46EA14006BB829 /* Release */,
			);
			defaultConfigurationIsVisible = 0;
		};
/* End XCConfigurationList section */
	};
	rootObject = CBA37E611F46EA14006BB829 /* Project object */;
}
